
Microsoft Visual Studio Solution File, Format Version 12.00
# Visual Studio Version 17
VisualStudioVersion = 17.14.36908.2
MinimumVisualStudioVersion = 10.0.40219.1
Project("{2150E333-8FDC-42A3-9474-1A3956D46DE8}") = "Domain", "Domain", "{02EA681E-C7D8-13C7-8484-4AC65E1B71E8}"
EndProject
Project("{2150E333-8FDC-42A3-9474-1A3956D46DE8}") = "Infra.Bus", "Infra.Bus", "{EE9FF23A-295F-45A8-A0D6-C3783A06E1FB}"
EndProject
Project("{2150E333-8FDC-42A3-9474-1A3956D46DE8}") = "Infra.IoC", "Infra.IoC", "{D2052A4C-A2C8-4B9C-A602-260DE6476521}"
EndProject
Project("{2150E333-8FDC-42A3-9474-1A3956D46DE8}") = "Microservices", "Microservices", "{11322DE4-8AF6-42A7-9A3D-071A49BE1F56}"
EndProject
Project("{FAE04EC0-301F-11D3-BF4B-00C04F79EFBC}") = "MicroRabbit.Domain.Core", "MicroRabbit.Domain.Core\MicroRabbit.Domain.Core.csproj", "{4DF7F76A-B97C-45C0-A2FA-1C54A61FDB16}"
EndProject
Project("{FAE04EC0-301F-11D3-BF4B-00C04F79EFBC}") = "MicroRabbit.Infra.Bus", "MicroRabbit.Infra.Bus\MicroRabbit.Infra.Bus.csproj", "{B3AA54DF-E999-4D1F-9B32-1E44F7CEBEA2}"
EndProject
Project("{FAE04EC0-301F-11D3-BF4B-00C04F79EFBC}") = "MicroRabbit.Infra.IoC", "MicroRabbit.Infra.IoC\MicroRabbit.Infra.IoC.csproj", "{DB00D37D-98DD-47C2-9814-1EFCA50A8916}"
EndProject
Project("{2150E333-8FDC-42A3-9474-1A3956D46DE8}") = "Banking", "Banking", "{BAB3395A-6301-4F96-8C37-E0A6325035A5}"
EndProject
Project("{2150E333-8FDC-42A3-9474-1A3956D46DE8}") = "Api", "Api", "{CF908061-D2F9-44ED-9F31-D9F0B99FDE35}"
EndProject
Project("{2150E333-8FDC-42A3-9474-1A3956D46DE8}") = "Application", "Application", "{B1A99956-A68F-4D0E-AB5A-10357C8D02FF}"
EndProject
Project("{2150E333-8FDC-42A3-9474-1A3956D46DE8}") = "Domain", "Domain", "{439AF86F-E1DA-4B8D-8067-70C04A99E572}"
EndProject
Project("{2150E333-8FDC-42A3-9474-1A3956D46DE8}") = "Data", "Data", "{F3C157B7-ABA0-4B10-9034-94EEDB5D83DD}"
EndProject
Project("{FAE04EC0-301F-11D3-BF4B-00C04F79EFBC}") = "MicroRabbit.Banking.Api", "MicroRabbit.Banking.Api\MicroRabbit.Banking.Api.csproj", "{B79DF6A1-FD56-4BB4-ABE8-C0A0CD3A4369}"
EndProject
Project("{FAE04EC0-301F-11D3-BF4B-00C04F79EFBC}") = "MicroRabbit.Banking.Application", "MicroRabbit.Banking.Application\MicroRabbit.Banking.Application.csproj", "{60C7BD12-9635-42E2-B2DB-B9065DDC111E}"
EndProject
Project("{FAE04EC0-301F-11D3-BF4B-00C04F79EFBC}") = "MicroRabbit.Banking.Data", "MicroRabbit.Banking.Data\MicroRabbit.Banking.Data.csproj", "{8D782C20-127B-41BA-B411-5EF76B1360E1}"
EndProject
Project("{FAE04EC0-301F-11D3-BF4B-00C04F79EFBC}") = "MicroRabbit.Banking.Domain", "MicroRabbit.Banking.Domain\MicroRabbit.Banking.Domain.csproj", "{08D1204C-3413-4AC8-B080-75618B24C487}"
EndProject
Global
	GlobalSection(SolutionConfigurationPlatforms) = preSolution
		Debug|Any CPU = Debug|Any CPU
		Release|Any CPU = Release|Any CPU
	EndGlobalSection
	GlobalSection(ProjectConfigurationPlatforms) = postSolution
		{4DF7F76A-B97C-45C0-A2FA-1C54A61FDB16}.Debug|Any CPU.ActiveCfg = Debug|Any CPU
		{4DF7F76A-B97C-45C0-A2FA-1C54A61FDB16}.Debug|Any CPU.Build.0 = Debug|Any CPU
		{4DF7F76A-B97C-45C0-A2FA-1C54A61FDB16}.Release|Any CPU.ActiveCfg = Release|Any CPU
		{4DF7F76A-B97C-45C0-A2FA-1C54A61FDB16}.Release|Any CPU.Build.0 = Release|Any CPU
		{B3AA54DF-E999-4D1F-9B32-1E44F7CEBEA2}.Debug|Any CPU.ActiveCfg = Debug|Any CPU
		{B3AA54DF-E999-4D1F-9B32-1E44F7CEBEA2}.Debug|Any CPU.Build.0 = Debug|Any CPU
		{B3AA54DF-E999-4D1F-9B32-1E44F7CEBEA2}.Release|Any CPU.ActiveCfg = Release|Any CPU
		{B3AA54DF-E999-4D1F-9B32-1E44F7CEBEA2}.Release|Any CPU.Build.0 = Release|Any CPU
		{DB00D37D-98DD-47C2-9814-1EFCA50A8916}.Debug|Any CPU.ActiveCfg = Debug|Any CPU
		{DB00D37D-98DD-47C2-9814-1EFCA50A8916}.Debug|Any CPU.Build.0 = Debug|Any CPU
		{DB00D37D-98DD-47C2-9814-1EFCA50A8916}.Release|Any CPU.ActiveCfg = Release|Any CPU
		{DB00D37D-98DD-47C2-9814-1EFCA50A8916}.Release|Any CPU.Build.0 = Release|Any CPU
		{B79DF6A1-FD56-4BB4-ABE8-C0A0CD3A4369}.Debug|Any CPU.ActiveCfg = Debug|Any CPU
		{B79DF6A1-FD56-4BB4-ABE8-C0A0CD3A4369}.Debug|Any CPU.Build.0 = Debug|Any CPU
		{B79DF6A1-FD56-4BB4-ABE8-C0A0CD3A4369}.Release|Any CPU.ActiveCfg = Release|Any CPU
		{B79DF6A1-FD56-4BB4-ABE8-C0A0CD3A4369}.Release|Any CPU.Build.0 = Release|Any CPU
		{60C7BD12-9635-42E2-B2DB-B9065DDC111E}.Debug|Any CPU.ActiveCfg = Debug|Any CPU
		{60C7BD12-9635-42E2-B2DB-B9065DDC111E}.Debug|Any CPU.Build.0 = Debug|Any CPU
		{60C7BD12-9635-42E2-B2DB-B9065DDC111E}.Release|Any CPU.ActiveCfg = Release|Any CPU
		{60C7BD12-9635-42E2-B2DB-B9065DDC111E}.Release|Any CPU.Build.0 = Release|Any CPU
		{8D782C20-127B-41BA-B411-5EF76B1360E1}.Debug|Any CPU.ActiveCfg = Debug|Any CPU
		{8D782C20-127B-41BA-B411-5EF76B1360E1}.Debug|Any CPU.Build.0 = Debug|Any CPU
		{8D782C20-127B-41BA-B411-5EF76B1360E1}.Release|Any CPU.ActiveCfg = Release|Any CPU
		{8D782C20-127B-41BA-B411-5EF76B1360E1}.Release|Any CPU.Build.0 = Release|Any CPU
		{08D1204C-3413-4AC8-B080-75618B24C487}.Debug|Any CPU.ActiveCfg = Debug|Any CPU
		{08D1204C-3413-4AC8-B080-75618B24C487}.Debug|Any CPU.Build.0 = Debug|Any CPU
		{08D1204C-3413-4AC8-B080-75618B24C487}.Release|Any CPU.ActiveCfg = Release|Any CPU
		{08D1204C-3413-4AC8-B080-75618B24C487}.Release|Any CPU.Build.0 = Release|Any CPU
	EndGlobalSection
	GlobalSection(SolutionProperties) = preSolution
		HideSolutionNode = FALSE
	EndGlobalSection
	GlobalSection(NestedProjects) = preSolution
		{4DF7F76A-B97C-45C0-A2FA-1C54A61FDB16} = {02EA681E-C7D8-13C7-8484-4AC65E1B71E8}
		{B3AA54DF-E999-4D1F-9B32-1E44F7CEBEA2} = {EE9FF23A-295F-45A8-A0D6-C3783A06E1FB}
		{DB00D37D-98DD-47C2-9814-1EFCA50A8916} = {D2052A4C-A2C8-4B9C-A602-260DE6476521}
		{BAB3395A-6301-4F96-8C37-E0A6325035A5} = {11322DE4-8AF6-42A7-9A3D-071A49BE1F56}
		{CF908061-D2F9-44ED-9F31-D9F0B99FDE35} = {BAB3395A-6301-4F96-8C37-E0A6325035A5}
		{B1A99956-A68F-4D0E-AB5A-10357C8D02FF} = {BAB3395A-6301-4F96-8C37-E0A6325035A5}
		{439AF86F-E1DA-4B8D-8067-70C04A99E572} = {BAB3395A-6301-4F96-8C37-E0A6325035A5}
		{F3C157B7-ABA0-4B10-9034-94EEDB5D83DD} = {BAB3395A-6301-4F96-8C37-E0A6325035A5}
		{B79DF6A1-FD56-4BB4-ABE8-C0A0CD3A4369} = {CF908061-D2F9-44ED-9F31-D9F0B99FDE35}
		{60C7BD12-9635-42E2-B2DB-B9065DDC111E} = {B1A99956-A68F-4D0E-AB5A-10357C8D02FF}
		{8D782C20-127B-41BA-B411-5EF76B1360E1} = {F3C157B7-ABA0-4B10-9034-94EEDB5D83DD}
		{08D1204C-3413-4AC8-B080-75618B24C487} = {439AF86F-E1DA-4B8D-8067-70C04A99E572}
	EndGlobalSection
	GlobalSection(ExtensibilityGlobals) = postSolution
		SolutionGuid = {873D6203-7DFA-4188-B848-E34CC37C78B9}
	EndGlobalSection
EndGlobal
